
Microsoft Visual Studio Solution File, Format Version 12.00
# Visual Studio Version 16
VisualStudioVersion = 16.0.30011.22
MinimumVisualStudioVersion = 10.0.40219.1
Project("{FAE04EC0-301F-11D3-BF4B-00C04F79EFBC}") = "ShapedView.SampleApp", "ShapedView.SampleApp.csproj", "{ACAE6579-1FFF-4528-A1AB-F99C77C2660D}"
EndProject
Global
	GlobalSection(SolutionConfigurationPlatforms) = preSolution
		Debug|Any CPU = Debug|Any CPU
		Release|Any CPU = Release|Any CPU
	EndGlobalSection
	GlobalSection(ProjectConfigurationPlatforms) = postSolution
		{ACAE6579-1FFF-4528-A1AB-F99C77C2660D}.Debug|Any CPU.ActiveCfg = Debug|Any CPU
		{ACAE6579-1FFF-4528-A1AB-F99C77C2660D}.Debug|Any CPU.Build.0 = Debug|Any CPU
		{ACAE6579-1FFF-4528-A1AB-F99C77C2660D}.Debug|Any CPU.Deploy.0 = Debug|Any CPU
		{ACAE6579-1FFF-4528-A1AB-F99C77C2660D}.Release|Any CPU.ActiveCfg = Release|Any CPU
		{ACAE6579-1FFF-4528-A1AB-F99C77C2660D}.Release|Any CPU.Build.0 = Release|Any CPU
		{ACAE6579-1FFF-4528-A1AB-F99C77C2660D}.Release|Any CPU.Deploy.0 = Release|Any CPU
	EndGlobalSection
	GlobalSection(SolutionProperties) = preSolution
		HideSolutionNode = FALSE
	EndGlobalSection
	GlobalSection(ExtensibilityGlobals) = postSolution
		SolutionGuid = {891FAFBB-0B58-4547-BE73-B4479CA01059}
	EndGlobalSection
EndGlobal
